
Microsoft Visual Studio Solution File, Format Version 12.00
# Visual Studio Version 17
VisualStudioVersion = 17.13.35828.75
MinimumVisualStudioVersion = 10.0.40219.1
Project("{FAE04EC0-301F-11D3-BF4B-00C04F79EFBC}") = "Herencia", "PA_2_Herencia\Herencia.csproj", "{4FA054BE-07BB-49FB-BBC3-70D5B26DAD4B}"
EndProject
Global
	GlobalSection(SolutionConfigurationPlatforms) = preSolution
		Debug|Any CPU = Debug|Any CPU
		Release|Any CPU = Release|Any CPU
	EndGlobalSection
	GlobalSection(ProjectConfigurationPlatforms) = postSolution
		{4FA054BE-07BB-49FB-BBC3-70D5B26DAD4B}.Debug|Any CPU.ActiveCfg = Debug|Any CPU
		{4FA054BE-07BB-49FB-BBC3-70D5B26DAD4B}.Debug|Any CPU.Build.0 = Debug|Any CPU
		{4FA054BE-07BB-49FB-BBC3-70D5B26DAD4B}.Release|Any CPU.ActiveCfg = Release|Any CPU
		{4FA054BE-07BB-49FB-BBC3-70D5B26DAD4B}.Release|Any CPU.Build.0 = Release|Any CPU
	EndGlobalSection
	GlobalSection(SolutionProperties) = preSolution
		HideSolutionNode = FALSE
	EndGlobalSection
	GlobalSection(ExtensibilityGlobals) = postSolution
		SolutionGuid = {58C1F83B-1BA2-4BC5-962D-39E03894815C}
	EndGlobalSection
EndGlobal
